
Microsoft Visual Studio Solution File, Format Version 12.00
# Visual Studio Version 17
VisualStudioVersion = 17.10.0.0
MinimumVisualStudioVersion = 10.0.40219.1
Project("{2150E333-8FDC-42A3-9474-1A3956D46DE8}") = "src", "src", "{6A1D5E10-0000-4000-8000-000000000001}"
EndProject
Project("{2150E333-8FDC-42A3-9474-1A3956D46DE8}") = "tests", "tests", "{6A1D5E10-0000-4000-8000-000000000002}"
EndProject
Project("{9A19103F-16F7-4668-BE54-9A1E7A4F7556}") = "AiUstozPro.Domain", "src\AiUstozPro.Domain\AiUstozPro.Domain.csproj", "{6A1D5E10-0000-4000-8000-000000000011}"
EndProject
Project("{9A19103F-16F7-4668-BE54-9A1E7A4F7556}") = "AiUstozPro.Application", "src\AiUstozPro.Application\AiUstozPro.Application.csproj", "{6A1D5E10-0000-4000-8000-000000000012}"
EndProject
Project("{9A19103F-16F7-4668-BE54-9A1E7A4F7556}") = "AiUstozPro.Infrastructure", "src\AiUstozPro.Infrastructure\AiUstozPro.Infrastructure.csproj", "{6A1D5E10-0000-4000-8000-000000000013}"
EndProject
Project("{9A19103F-16F7-4668-BE54-9A1E7A4F7556}") = "AiUstozPro.App", "src\AiUstozPro.App\AiUstozPro.App.csproj", "{6A1D5E10-0000-4000-8000-000000000014}"
EndProject
Project("{9A19103F-16F7-4668-BE54-9A1E7A4F7556}") = "AiUstozPro.Tests", "tests\AiUstozPro.Tests\AiUstozPro.Tests.csproj", "{6A1D5E10-0000-4000-8000-000000000021}"
EndProject
Global
	GlobalSection(SolutionConfigurationPlatforms) = preSolution
		Debug|Any CPU = Debug|Any CPU
		Release|Any CPU = Release|Any CPU
	EndGlobalSection
	GlobalSection(ProjectConfigurationPlatforms) = postSolution
		{6A1D5E10-0000-4000-8000-000000000011}.Debug|Any CPU.ActiveCfg = Debug|Any CPU
		{6A1D5E10-0000-4000-8000-000000000011}.Debug|Any CPU.Build.0 = Debug|Any CPU
		{6A1D5E10-0000-4000-8000-000000000011}.Release|Any CPU.ActiveCfg = Release|Any CPU
		{6A1D5E10-0000-4000-8000-000000000011}.Release|Any CPU.Build.0 = Release|Any CPU
		{6A1D5E10-0000-4000-8000-000000000012}.Debug|Any CPU.ActiveCfg = Debug|Any CPU
		{6A1D5E10-0000-4000-8000-000000000012}.Debug|Any CPU.Build.0 = Debug|Any CPU
		{6A1D5E10-0000-4000-8000-000000000012}.Release|Any CPU.ActiveCfg = Release|Any CPU
		{6A1D5E10-0000-4000-8000-000000000012}.Release|Any CPU.Build.0 = Release|Any CPU
		{6A1D5E10-0000-4000-8000-000000000013}.Debug|Any CPU.ActiveCfg = Debug|Any CPU
		{6A1D5E10-0000-4000-8000-000000000013}.Debug|Any CPU.Build.0 = Debug|Any CPU
		{6A1D5E10-0000-4000-8000-000000000013}.Release|Any CPU.ActiveCfg = Release|Any CPU
		{6A1D5E10-0000-4000-8000-000000000013}.Release|Any CPU.Build.0 = Release|Any CPU
		{6A1D5E10-0000-4000-8000-000000000014}.Debug|Any CPU.ActiveCfg = Debug|Any CPU
		{6A1D5E10-0000-4000-8000-000000000014}.Debug|Any CPU.Build.0 = Debug|Any CPU
		{6A1D5E10-0000-4000-8000-000000000014}.Release|Any CPU.ActiveCfg = Release|Any CPU
		{6A1D5E10-0000-4000-8000-000000000014}.Release|Any CPU.Build.0 = Release|Any CPU
		{6A1D5E10-0000-4000-8000-000000000021}.Debug|Any CPU.ActiveCfg = Debug|Any CPU
		{6A1D5E10-0000-4000-8000-000000000021}.Debug|Any CPU.Build.0 = Debug|Any CPU
		{6A1D5E10-0000-4000-8000-000000000021}.Release|Any CPU.ActiveCfg = Release|Any CPU
		{6A1D5E10-0000-4000-8000-000000000021}.Release|Any CPU.Build.0 = Release|Any CPU
	EndGlobalSection
	GlobalSection(SolutionProperties) = preSolution
		HideSolutionNode = FALSE
	EndGlobalSection
	GlobalSection(NestedProjects) = preSolution
		{6A1D5E10-0000-4000-8000-000000000011} = {6A1D5E10-0000-4000-8000-000000000001}
		{6A1D5E10-0000-4000-8000-000000000012} = {6A1D5E10-0000-4000-8000-000000000001}
		{6A1D5E10-0000-4000-8000-000000000013} = {6A1D5E10-0000-4000-8000-000000000001}
		{6A1D5E10-0000-4000-8000-000000000014} = {6A1D5E10-0000-4000-8000-000000000001}
		{6A1D5E10-0000-4000-8000-000000000021} = {6A1D5E10-0000-4000-8000-000000000002}
	EndGlobalSection
EndGlobal
